
Microsoft Visual Studio Solution File, Format Version 12.00
# Visual Studio Version 17
VisualStudioVersion = 17.4.33213.308
MinimumVisualStudioVersion = 10.0.40219.1
Project("{FAE04EC0-301F-11D3-BF4B-00C04F79EFBC}") = "RazorPagesAlbumSong", "RazorPagesAlbumSong.csproj", "{ADC7A88A-A7F8-4235-8BCE-747743B1EB26}"
EndProject
Global
	GlobalSection(SolutionConfigurationPlatforms) = preSolution
		Debug|Any CPU = Debug|Any CPU
		Release|Any CPU = Release|Any CPU
	EndGlobalSection
	GlobalSection(ProjectConfigurationPlatforms) = postSolution
		{ADC7A88A-A7F8-4235-8BCE-747743B1EB26}.Debug|Any CPU.ActiveCfg = Debug|Any CPU
		{ADC7A88A-A7F8-4235-8BCE-747743B1EB26}.Debug|Any CPU.Build.0 = Debug|Any CPU
		{ADC7A88A-A7F8-4235-8BCE-747743B1EB26}.Release|Any CPU.ActiveCfg = Release|Any CPU
		{ADC7A88A-A7F8-4235-8BCE-747743B1EB26}.Release|Any CPU.Build.0 = Release|Any CPU
	EndGlobalSection
	GlobalSection(SolutionProperties) = preSolution
		HideSolutionNode = FALSE
	EndGlobalSection
	GlobalSection(ExtensibilityGlobals) = postSolution
		SolutionGuid = {0A7F451C-6C2C-4BC3-9D52-84D53D36D186}
	EndGlobalSection
EndGlobal
